
Microsoft Visual Studio Solution File, Format Version 12.00
# Visual Studio 15
VisualStudioVersion = 15.0.26430.13
MinimumVisualStudioVersion = 10.0.40219.1
Project("{FAE04EC0-301F-11D3-BF4B-00C04F79EFBC}") = "BasicUI", "BasicUI\BasicUI.csproj", "{924B3068-4998-40B0-85F5-B15407F5FB03}"
EndProject
Project("{FAE04EC0-301F-11D3-BF4B-00C04F79EFBC}") = "BasicUI.Example", "BasicUI.Example\BasicUI.Example.csproj", "{B470F7FB-2FD6-4942-9F4E-2CDC0CE29681}"
EndProject
Project("{FAE04EC0-301F-11D3-BF4B-00C04F79EFBC}") = "BasicUI.DiscordClient", "BasicUI.Discord\BasicUI.DiscordClient.csproj", "{8AF52324-7DA2-491A-A280-53422D09A397}"
EndProject
Project("{FAE04EC0-301F-11D3-BF4B-00C04F79EFBC}") = "BasicUI.FileBrowser", "BasicUI.FileBrowser\BasicUI.FileBrowser.csproj", "{4B109A24-6BEB-4214-81B6-9B63CD1DC366}"
EndProject
Global
	GlobalSection(SolutionConfigurationPlatforms) = preSolution
		Debug|Any CPU = Debug|Any CPU
		Release|Any CPU = Release|Any CPU
	EndGlobalSection
	GlobalSection(ProjectConfigurationPlatforms) = postSolution
		{924B3068-4998-40B0-85F5-B15407F5FB03}.Debug|Any CPU.ActiveCfg = Debug|Any CPU
		{924B3068-4998-40B0-85F5-B15407F5FB03}.Debug|Any CPU.Build.0 = Debug|Any CPU
		{924B3068-4998-40B0-85F5-B15407F5FB03}.Release|Any CPU.ActiveCfg = Release|Any CPU
		{924B3068-4998-40B0-85F5-B15407F5FB03}.Release|Any CPU.Build.0 = Release|Any CPU
		{B470F7FB-2FD6-4942-9F4E-2CDC0CE29681}.Debug|Any CPU.ActiveCfg = Debug|Any CPU
		{B470F7FB-2FD6-4942-9F4E-2CDC0CE29681}.Debug|Any CPU.Build.0 = Debug|Any CPU
		{B470F7FB-2FD6-4942-9F4E-2CDC0CE29681}.Release|Any CPU.ActiveCfg = Release|Any CPU
		{B470F7FB-2FD6-4942-9F4E-2CDC0CE29681}.Release|Any CPU.Build.0 = Release|Any CPU
		{8AF52324-7DA2-491A-A280-53422D09A397}.Debug|Any CPU.ActiveCfg = Debug|Any CPU
		{8AF52324-7DA2-491A-A280-53422D09A397}.Debug|Any CPU.Build.0 = Debug|Any CPU
		{8AF52324-7DA2-491A-A280-53422D09A397}.Release|Any CPU.ActiveCfg = Release|Any CPU
		{8AF52324-7DA2-491A-A280-53422D09A397}.Release|Any CPU.Build.0 = Release|Any CPU
		{4B109A24-6BEB-4214-81B6-9B63CD1DC366}.Debug|Any CPU.ActiveCfg = Debug|Any CPU
		{4B109A24-6BEB-4214-81B6-9B63CD1DC366}.Debug|Any CPU.Build.0 = Debug|Any CPU
		{4B109A24-6BEB-4214-81B6-9B63CD1DC366}.Release|Any CPU.ActiveCfg = Release|Any CPU
		{4B109A24-6BEB-4214-81B6-9B63CD1DC366}.Release|Any CPU.Build.0 = Release|Any CPU
	EndGlobalSection
	GlobalSection(SolutionProperties) = preSolution
		HideSolutionNode = FALSE
	EndGlobalSection
EndGlobal
